{
  "requires": true,
  "lockfileVersion": 1,
  "dependencies": {
    "ngx-agora": {
      "version": "2.0.1",
      "resolved": "https://registry.npmjs.org/ngx-agora/-/ngx-agora-2.0.1.tgz",
      "integrity": "sha512-ff+4O4XsOBr4/vWbtaR6Wyz9uqDni/tGVF5a5TZ+1nx2SmT1lTRxul1AdUXQvmkD2p7x+rwncFSXT4U/G8N6fA==",
      "requires": {
        "tslib": "^1.9.0"
      }
    },
    "tslib": {
      "version": "1.13.0",
      "resolved": "https://registry.npmjs.org/tslib/-/tslib-1.13.0.tgz",
      "integrity": "sha512-i/6DQjL8Xf3be4K/E6Wgpekn5Qasl1usyw++dAA35Ue5orEn65VIxOA+YvNNl9HV3qv70T7CNwjODHZrLwvd1Q=="
    }
  }
}
