{
  "requires": true,
  "lockfileVersion": 1,
  "dependencies": {
    "stockfish": {
      "version": "10.0.2",
      "resolved": "https://registry.npmjs.org/stockfish/-/stockfish-10.0.2.tgz",
      "integrity": "sha512-MuDhChwRwFe4nkn5OKuDj2byf4lTVlpJK47D99kNi7Qr1QlM8PIi940AVdF4SMmFQnPtyYeT2xzlX69d5v8WQg=="
    }
  }
}
