{
  "requires": true,
  "lockfileVersion": 1,
  "dependencies": {
    "agora-rtc-sdk": {
      "version": "3.1.1",
      "resolved": "https://registry.npmjs.org/agora-rtc-sdk/-/agora-rtc-sdk-3.1.1.tgz",
      "integrity": "sha512-PWe0Yg7k5DS7/G+kz6h3AVparmUYUEs162DpILZNg4vYhd/O7TE+FlPx4ilamml351ImO5TNtYcH0k/RGeKHLw=="
    }
  }
}
